{
  "name": "01-07-BUILDFRIDAY",
  "lockfileVersion": 2,
  "requires": true,
  "packages": {
    "": {
      "dependencies": {
        "bootstrap-scss": "^4.6.1",
        "fontawesome-free": "^1.0.4"
      }
    },
    "node_modules/bootstrap-scss": {
      "version": "4.6.1",
      "resolved": "https://registry.npmjs.org/bootstrap-scss/-/bootstrap-scss-4.6.1.tgz",
      "integrity": "sha512-8rAYXcuOUAr5SAGM0omZa9wefBR0hZMUVfcbZCCvW+Sm5nSRgI/qMEbb+oWdocwcoX9PYV1yoP722Yp5OEJlnw=="
    },
    "node_modules/fontawesome-free": {
      "version": "1.0.4",
      "resolved": "https://registry.npmjs.org/fontawesome-free/-/fontawesome-free-1.0.4.tgz",
      "integrity": "sha512-7sX6Lbg2oQiClFFFFitJlKg20h3YTBON6rdmq3uGjNwDo8G6EjF2bfj2OjjcCUmf4OvZCgyHaXfW2JseqissLw=="
    }
  },
  "dependencies": {
    "bootstrap-scss": {
      "version": "4.6.1",
      "resolved": "https://registry.npmjs.org/bootstrap-scss/-/bootstrap-scss-4.6.1.tgz",
      "integrity": "sha512-8rAYXcuOUAr5SAGM0omZa9wefBR0hZMUVfcbZCCvW+Sm5nSRgI/qMEbb+oWdocwcoX9PYV1yoP722Yp5OEJlnw=="
    },
    "fontawesome-free": {
      "version": "1.0.4",
      "resolved": "https://registry.npmjs.org/fontawesome-free/-/fontawesome-free-1.0.4.tgz",
      "integrity": "sha512-7sX6Lbg2oQiClFFFFitJlKg20h3YTBON6rdmq3uGjNwDo8G6EjF2bfj2OjjcCUmf4OvZCgyHaXfW2JseqissLw=="
    }
  }
}
